// !$*UTF8*$!
{
	archiveVersion = 1;
	classes = {
	};
	objectVersion = 46;
	objects = {

/* Begin PBXBuildFile section */
		372F63981BA01B7C00A595A3 /* main.m in Sources */ = {isa = PBXBuildFile; fileRef = 372F63971BA01B7C00A595A3 /* main.m */; };
		372F639B1BA01B7C00A595A3 /* AppDelegate.m in Sources */ = {isa = PBXBuildFile; fileRef = 372F639A1BA01B7C00A595A3 /* AppDelegate.m */; };
		372F639E1BA01B7C00A595A3 /* ViewController.m in Sources */ = {isa = PBXBuildFile; fileRef = 372F639D1BA01B7C00A595A3 /* ViewController.m */; };
		372F63A11BA01B7C00A595A3 /* Main.storyboard in Resources */ = {isa = PBXBuildFile; fileRef = 372F639F1BA01B7C00A595A3 /* Main.storyboard */; };
		372F63A31BA01B7C00A595A3 /* Images.xcassets in Resources */ = {isa = PBXBuildFile; fileRef = 372F63A21BA01B7C00A595A3 /* Images.xcassets */; };
		372F63A61BA01B7C00A595A3 /* LaunchScreen.xib in Resources */ = {isa = PBXBuildFile; fileRef = 372F63A41BA01B7C00A595A3 /* LaunchScreen.xib */; };
		372F63B21BA01B7C00A595A3 /* KSToolkitTests.m in Sources */ = {isa = PBXBuildFile; fileRef = 372F63B11BA01B7C00A595A3 /* KSToolkitTests.m */; };
		372F642F1BA022E500A595A3 /* NSArray+KS.m in Sources */ = {isa = PBXBuildFile; fileRef = 372F64221BA022E500A595A3 /* NSArray+KS.m */; };
		372F64301BA022E500A595A3 /* NSDate+KS.m in Sources */ = {isa = PBXBuildFile; fileRef = 372F64241BA022E500A595A3 /* NSDate+KS.m */; };
		372F64311BA022E500A595A3 /* NSDictionary+KS.m in Sources */ = {isa = PBXBuildFile; fileRef = 372F64261BA022E500A595A3 /* NSDictionary+KS.m */; };
		372F64321BA022E500A595A3 /* NSMutableArray+KS.m in Sources */ = {isa = PBXBuildFile; fileRef = 372F64281BA022E500A595A3 /* NSMutableArray+KS.m */; };
		372F64331BA022E500A595A3 /* NSMutableDictionary+KS.m in Sources */ = {isa = PBXBuildFile; fileRef = 372F642A1BA022E500A595A3 /* NSMutableDictionary+KS.m */; };
		372F64341BA022E500A595A3 /* NSString+KS.m in Sources */ = {isa = PBXBuildFile; fileRef = 372F642C1BA022E500A595A3 /* NSString+KS.m */; };
		372F64351BA022E500A595A3 /* NSURL+KS.m in Sources */ = {isa = PBXBuildFile; fileRef = 372F642E1BA022E500A595A3 /* NSURL+KS.m */; };
		372F64421BA02E0300A595A3 /* UIImage+KS.m in Sources */ = {isa = PBXBuildFile; fileRef = 372F64391BA02E0300A595A3 /* UIImage+KS.m */; };
		372F64431BA02E0300A595A3 /* UIImageView+KS.m in Sources */ = {isa = PBXBuildFile; fileRef = 372F643B1BA02E0300A595A3 /* UIImageView+KS.m */; };
		372F64441BA02E0300A595A3 /* UITableView+KS.m in Sources */ = {isa = PBXBuildFile; fileRef = 372F643D1BA02E0300A595A3 /* UITableView+KS.m */; };
		372F64451BA02E0300A595A3 /* UIView+KS.m in Sources */ = {isa = PBXBuildFile; fileRef = 372F643F1BA02E0300A595A3 /* UIView+KS.m */; };
		372F64461BA02E0300A595A3 /* UIButton+KS.m in Sources */ = {isa = PBXBuildFile; fileRef = 372F64411BA02E0300A595A3 /* UIButton+KS.m */; };
		376207D91BAFF806003CBE02 /* Base64.m in Sources */ = {isa = PBXBuildFile; fileRef = 376207D71BAFF806003CBE02 /* Base64.m */; settings = {ASSET_TAGS = (); }; };
/* End PBXBuildFile section */

/* Begin PBXContainerItemProxy section */
		372F63AC1BA01B7C00A595A3 /* PBXContainerItemProxy */ = {
			isa = PBXContainerItemProxy;
			containerPortal = 372F638A1BA01B7B00A595A3 /* Project object */;
			proxyType = 1;
			remoteGlobalIDString = 372F63911BA01B7B00A595A3;
			remoteInfo = KSToolkit;
		};
/* End PBXContainerItemProxy section */

/* Begin PBXFileReference section */
		200B6B65A4E231F007F75524 /* libPods.a */ = {isa = PBXFileReference; explicitFileType = archive.ar; includeInIndex = 0; path = libPods.a; sourceTree = BUILT_PRODUCTS_DIR; };
		372F63921BA01B7B00A595A3 /* KSToolkit.app */ = {isa = PBXFileReference; explicitFileType = wrapper.application; includeInIndex = 0; path = KSToolkit.app; sourceTree = BUILT_PRODUCTS_DIR; };
		372F63961BA01B7B00A595A3 /* Info.plist */ = {isa = PBXFileReference; lastKnownFileType = text.plist.xml; path = Info.plist; sourceTree = "<group>"; };
		372F63971BA01B7C00A595A3 /* main.m */ = {isa = PBXFileReference; lastKnownFileType = sourcecode.c.objc; path = main.m; sourceTree = "<group>"; };
		372F63991BA01B7C00A595A3 /* AppDelegate.h */ = {isa = PBXFileReference; lastKnownFileType = sourcecode.c.h; path = AppDelegate.h; sourceTree = "<group>"; };
		372F639A1BA01B7C00A595A3 /* AppDelegate.m */ = {isa = PBXFileReference; lastKnownFileType = sourcecode.c.objc; path = AppDelegate.m; sourceTree = "<group>"; };
		372F639C1BA01B7C00A595A3 /* ViewController.h */ = {isa = PBXFileReference; lastKnownFileType = sourcecode.c.h; path = ViewController.h; sourceTree = "<group>"; };
		372F639D1BA01B7C00A595A3 /* ViewController.m */ = {isa = PBXFileReference; lastKnownFileType = sourcecode.c.objc; path = ViewController.m; sourceTree = "<group>"; };
		372F63A01BA01B7C00A595A3 /* Base */ = {isa = PBXFileReference; lastKnownFileType = file.storyboard; name = Base; path = Base.lproj/Main.storyboard; sourceTree = "<group>"; };
		372F63A21BA01B7C00A595A3 /* Images.xcassets */ = {isa = PBXFileReference; lastKnownFileType = folder.assetcatalog; path = Images.xcassets; sourceTree = "<group>"; };
		372F63A51BA01B7C00A595A3 /* Base */ = {isa = PBXFileReference; lastKnownFileType = file.xib; name = Base; path = Base.lproj/LaunchScreen.xib; sourceTree = "<group>"; };
		372F63AB1BA01B7C00A595A3 /* KSToolkitTests.xctest */ = {isa = PBXFileReference; explicitFileType = wrapper.cfbundle; includeInIndex = 0; path = KSToolkitTests.xctest; sourceTree = BUILT_PRODUCTS_DIR; };
		372F63B01BA01B7C00A595A3 /* Info.plist */ = {isa = PBXFileReference; lastKnownFileType = text.plist.xml; path = Info.plist; sourceTree = "<group>"; };
		372F63B11BA01B7C00A595A3 /* KSToolkitTests.m */ = {isa = PBXFileReference; lastKnownFileType = sourcecode.c.objc; path = KSToolkitTests.m; sourceTree = "<group>"; };
		372F64201BA01F4600A595A3 /* KSMacros.h */ = {isa = PBXFileReference; lastKnownFileType = sourcecode.c.h; path = KSMacros.h; sourceTree = "<group>"; };
		372F64211BA022E500A595A3 /* NSArray+KS.h */ = {isa = PBXFileReference; fileEncoding = 4; lastKnownFileType = sourcecode.c.h; path = "NSArray+KS.h"; sourceTree = "<group>"; };
		372F64221BA022E500A595A3 /* NSArray+KS.m */ = {isa = PBXFileReference; fileEncoding = 4; lastKnownFileType = sourcecode.c.objc; path = "NSArray+KS.m"; sourceTree = "<group>"; };
		372F64231BA022E500A595A3 /* NSDate+KS.h */ = {isa = PBXFileReference; fileEncoding = 4; lastKnownFileType = sourcecode.c.h; path = "NSDate+KS.h"; sourceTree = "<group>"; };
		372F64241BA022E500A595A3 /* NSDate+KS.m */ = {isa = PBXFileReference; fileEncoding = 4; lastKnownFileType = sourcecode.c.objc; path = "NSDate+KS.m"; sourceTree = "<group>"; };
		372F64251BA022E500A595A3 /* NSDictionary+KS.h */ = {isa = PBXFileReference; fileEncoding = 4; lastKnownFileType = sourcecode.c.h; path = "NSDictionary+KS.h"; sourceTree = "<group>"; };
		372F64261BA022E500A595A3 /* NSDictionary+KS.m */ = {isa = PBXFileReference; fileEncoding = 4; lastKnownFileType = sourcecode.c.objc; path = "NSDictionary+KS.m"; sourceTree = "<group>"; };
		372F64271BA022E500A595A3 /* NSMutableArray+KS.h */ = {isa = PBXFileReference; fileEncoding = 4; lastKnownFileType = sourcecode.c.h; path = "NSMutableArray+KS.h"; sourceTree = "<group>"; };
		372F64281BA022E500A595A3 /* NSMutableArray+KS.m */ = {isa = PBXFileReference; fileEncoding = 4; lastKnownFileType = sourcecode.c.objc; path = "NSMutableArray+KS.m"; sourceTree = "<group>"; };
		372F64291BA022E500A595A3 /* NSMutableDictionary+KS.h */ = {isa = PBXFileReference; fileEncoding = 4; lastKnownFileType = sourcecode.c.h; path = "NSMutableDictionary+KS.h"; sourceTree = "<group>"; };
		372F642A1BA022E500A595A3 /* NSMutableDictionary+KS.m */ = {isa = PBXFileReference; fileEncoding = 4; lastKnownFileType = sourcecode.c.objc; path = "NSMutableDictionary+KS.m"; sourceTree = "<group>"; };
		372F642B1BA022E500A595A3 /* NSString+KS.h */ = {isa = PBXFileReference; fileEncoding = 4; lastKnownFileType = sourcecode.c.h; path = "NSString+KS.h"; sourceTree = "<group>"; };
		372F642C1BA022E500A595A3 /* NSString+KS.m */ = {isa = PBXFileReference; fileEncoding = 4; lastKnownFileType = sourcecode.c.objc; path = "NSString+KS.m"; sourceTree = "<group>"; };
		372F642D1BA022E500A595A3 /* NSURL+KS.h */ = {isa = PBXFileReference; fileEncoding = 4; lastKnownFileType = sourcecode.c.h; path = "NSURL+KS.h"; sourceTree = "<group>"; };
		372F642E1BA022E500A595A3 /* NSURL+KS.m */ = {isa = PBXFileReference; fileEncoding = 4; lastKnownFileType = sourcecode.c.objc; path = "NSURL+KS.m"; sourceTree = "<group>"; };
		372F64381BA02E0300A595A3 /* UIImage+KS.h */ = {isa = PBXFileReference; fileEncoding = 4; lastKnownFileType = sourcecode.c.h; path = "UIImage+KS.h"; sourceTree = "<group>"; };
		372F64391BA02E0300A595A3 /* UIImage+KS.m */ = {isa = PBXFileReference; fileEncoding = 4; lastKnownFileType = sourcecode.c.objc; path = "UIImage+KS.m"; sourceTree = "<group>"; };
		372F643A1BA02E0300A595A3 /* UIImageView+KS.h */ = {isa = PBXFileReference; fileEncoding = 4; lastKnownFileType = sourcecode.c.h; path = "UIImageView+KS.h"; sourceTree = "<group>"; };
		372F643B1BA02E0300A595A3 /* UIImageView+KS.m */ = {isa = PBXFileReference; fileEncoding = 4; lastKnownFileType = sourcecode.c.objc; path = "UIImageView+KS.m"; sourceTree = "<group>"; };
		372F643C1BA02E0300A595A3 /* UITableView+KS.h */ = {isa = PBXFileReference; fileEncoding = 4; lastKnownFileType = sourcecode.c.h; path = "UITableView+KS.h"; sourceTree = "<group>"; };
		372F643D1BA02E0300A595A3 /* UITableView+KS.m */ = {isa = PBXFileReference; fileEncoding = 4; lastKnownFileType = sourcecode.c.objc; path = "UITableView+KS.m"; sourceTree = "<group>"; };
		372F643E1BA02E0300A595A3 /* UIView+KS.h */ = {isa = PBXFileReference; fileEncoding = 4; lastKnownFileType = sourcecode.c.h; path = "UIView+KS.h"; sourceTree = "<group>"; };
		372F643F1BA02E0300A595A3 /* UIView+KS.m */ = {isa = PBXFileReference; fileEncoding = 4; lastKnownFileType = sourcecode.c.objc; path = "UIView+KS.m"; sourceTree = "<group>"; };
		372F64401BA02E0300A595A3 /* UIButton+KS.h */ = {isa = PBXFileReference; fileEncoding = 4; lastKnownFileType = sourcecode.c.h; path = "UIButton+KS.h"; sourceTree = "<group>"; };
		372F64411BA02E0300A595A3 /* UIButton+KS.m */ = {isa = PBXFileReference; fileEncoding = 4; lastKnownFileType = sourcecode.c.objc; path = "UIButton+KS.m"; sourceTree = "<group>"; };
		372F64471BA03A9000A595A3 /* KSToolkit.h */ = {isa = PBXFileReference; lastKnownFileType = sourcecode.c.h; path = KSToolkit.h; sourceTree = "<group>"; };
		376207D71BAFF806003CBE02 /* Base64.m */ = {isa = PBXFileReference; fileEncoding = 4; lastKnownFileType = sourcecode.c.objc; path = Base64.m; sourceTree = "<group>"; };
		376207D81BAFF806003CBE02 /* Base64.h */ = {isa = PBXFileReference; fileEncoding = 4; lastKnownFileType = sourcecode.c.h; path = Base64.h; sourceTree = "<group>"; };
		515B515470CDFCE557D7A446 /* Pods.release.xcconfig */ = {isa = PBXFileReference; includeInIndex = 1; lastKnownFileType = text.xcconfig; name = Pods.release.xcconfig; path = "Pods/Target Support Files/Pods/Pods.release.xcconfig"; sourceTree = "<group>"; };
		9AE41D314ED4872015B402C8 /* Pods.debug.xcconfig */ = {isa = PBXFileReference; includeInIndex = 1; lastKnownFileType = text.xcconfig; name = Pods.debug.xcconfig; path = "Pods/Target Support Files/Pods/Pods.debug.xcconfig"; sourceTree = "<group>"; };
/* End PBXFileReference section */

/* Begin PBXFrameworksBuildPhase section */
		372F638F1BA01B7B00A595A3 /* Frameworks */ = {
			isa = PBXFrameworksBuildPhase;
			buildActionMask = 2147483647;
			files = (
			);
			runOnlyForDeploymentPostprocessing = 0;
		};
		372F63A81BA01B7C00A595A3 /* Frameworks */ = {
			isa = PBXFrameworksBuildPhase;
			buildActionMask = 2147483647;
			files = (
			);
			runOnlyForDeploymentPostprocessing = 0;
		};
/* End PBXFrameworksBuildPhase section */

/* Begin PBXGroup section */
		04912055151C1064B6D00C8E /* Frameworks */ = {
			isa = PBXGroup;
			children = (
				200B6B65A4E231F007F75524 /* libPods.a */,
			);
			name = Frameworks;
			sourceTree = "<group>";
		};
		372F63891BA01B7B00A595A3 = {
			isa = PBXGroup;
			children = (
				372F63BB1BA01D2200A595A3 /* src */,
				372F63941BA01B7B00A595A3 /* KSToolkit */,
				372F63AE1BA01B7C00A595A3 /* KSToolkitTests */,
				372F63931BA01B7B00A595A3 /* Products */,
				4E16681F9F2C5BC4A6D1C71B /* Pods */,
				04912055151C1064B6D00C8E /* Frameworks */,
			);
			sourceTree = "<group>";
		};
		372F63931BA01B7B00A595A3 /* Products */ = {
			isa = PBXGroup;
			children = (
				372F63921BA01B7B00A595A3 /* KSToolkit.app */,
				372F63AB1BA01B7C00A595A3 /* KSToolkitTests.xctest */,
			);
			name = Products;
			sourceTree = "<group>";
		};
		372F63941BA01B7B00A595A3 /* KSToolkit */ = {
			isa = PBXGroup;
			children = (
				372F63991BA01B7C00A595A3 /* AppDelegate.h */,
				372F639A1BA01B7C00A595A3 /* AppDelegate.m */,
				372F639C1BA01B7C00A595A3 /* ViewController.h */,
				372F639D1BA01B7C00A595A3 /* ViewController.m */,
				372F639F1BA01B7C00A595A3 /* Main.storyboard */,
				372F63A21BA01B7C00A595A3 /* Images.xcassets */,
				372F63A41BA01B7C00A595A3 /* LaunchScreen.xib */,
				372F63951BA01B7B00A595A3 /* Supporting Files */,
			);
			path = KSToolkit;
			sourceTree = "<group>";
		};
		372F63951BA01B7B00A595A3 /* Supporting Files */ = {
			isa = PBXGroup;
			children = (
				372F63961BA01B7B00A595A3 /* Info.plist */,
				372F63971BA01B7C00A595A3 /* main.m */,
			);
			name = "Supporting Files";
			sourceTree = "<group>";
		};
		372F63AE1BA01B7C00A595A3 /* KSToolkitTests */ = {
			isa = PBXGroup;
			children = (
				372F63B11BA01B7C00A595A3 /* KSToolkitTests.m */,
				372F63AF1BA01B7C00A595A3 /* Supporting Files */,
			);
			path = KSToolkitTests;
			sourceTree = "<group>";
		};
		372F63AF1BA01B7C00A595A3 /* Supporting Files */ = {
			isa = PBXGroup;
			children = (
				372F63B01BA01B7C00A595A3 /* Info.plist */,
			);
			name = "Supporting Files";
			sourceTree = "<group>";
		};
		372F63BB1BA01D2200A595A3 /* src */ = {
			isa = PBXGroup;
			children = (
				372F64371BA02DD600A595A3 /* NSCategory */,
				372F64361BA02DCC00A595A3 /* UIKitCategory */,
				372F64201BA01F4600A595A3 /* KSMacros.h */,
				372F64471BA03A9000A595A3 /* KSToolkit.h */,
			);
			path = src;
			sourceTree = "<group>";
		};
		372F64361BA02DCC00A595A3 /* UIKitCategory */ = {
			isa = PBXGroup;
			children = (
				372F64381BA02E0300A595A3 /* UIImage+KS.h */,
				372F64391BA02E0300A595A3 /* UIImage+KS.m */,
				372F643A1BA02E0300A595A3 /* UIImageView+KS.h */,
				372F643B1BA02E0300A595A3 /* UIImageView+KS.m */,
				372F643C1BA02E0300A595A3 /* UITableView+KS.h */,
				372F643D1BA02E0300A595A3 /* UITableView+KS.m */,
				372F643E1BA02E0300A595A3 /* UIView+KS.h */,
				372F643F1BA02E0300A595A3 /* UIView+KS.m */,
				372F64401BA02E0300A595A3 /* UIButton+KS.h */,
				372F64411BA02E0300A595A3 /* UIButton+KS.m */,
			);
			name = UIKitCategory;
			sourceTree = "<group>";
		};
		372F64371BA02DD600A595A3 /* NSCategory */ = {
			isa = PBXGroup;
			children = (
				372F64211BA022E500A595A3 /* NSArray+KS.h */,
				372F64221BA022E500A595A3 /* NSArray+KS.m */,
				372F64231BA022E500A595A3 /* NSDate+KS.h */,
				372F64241BA022E500A595A3 /* NSDate+KS.m */,
				372F64251BA022E500A595A3 /* NSDictionary+KS.h */,
				372F64261BA022E500A595A3 /* NSDictionary+KS.m */,
				372F64271BA022E500A595A3 /* NSMutableArray+KS.h */,
				372F64281BA022E500A595A3 /* NSMutableArray+KS.m */,
				372F64291BA022E500A595A3 /* NSMutableDictionary+KS.h */,
				372F642A1BA022E500A595A3 /* NSMutableDictionary+KS.m */,
				372F642B1BA022E500A595A3 /* NSString+KS.h */,
				372F642C1BA022E500A595A3 /* NSString+KS.m */,
				372F642D1BA022E500A595A3 /* NSURL+KS.h */,
				372F642E1BA022E500A595A3 /* NSURL+KS.m */,
				376207D71BAFF806003CBE02 /* Base64.m */,
				376207D81BAFF806003CBE02 /* Base64.h */,
			);
			name = NSCategory;
			sourceTree = "<group>";
		};
		4E16681F9F2C5BC4A6D1C71B /* Pods */ = {
			isa = PBXGroup;
			children = (
				9AE41D314ED4872015B402C8 /* Pods.debug.xcconfig */,
				515B515470CDFCE557D7A446 /* Pods.release.xcconfig */,
			);
			name = Pods;
			sourceTree = "<group>";
		};
/* End PBXGroup section */

/* Begin PBXNativeTarget section */
		372F63911BA01B7B00A595A3 /* KSToolkit */ = {
			isa = PBXNativeTarget;
			buildConfigurationList = 372F63B51BA01B7C00A595A3 /* Build configuration list for PBXNativeTarget "KSToolkit" */;
			buildPhases = (
				372F638E1BA01B7B00A595A3 /* Sources */,
				372F638F1BA01B7B00A595A3 /* Frameworks */,
				372F63901BA01B7B00A595A3 /* Resources */,
			);
			buildRules = (
			);
			dependencies = (
			);
			name = KSToolkit;
			productName = KSToolkit;
			productReference = 372F63921BA01B7B00A595A3 /* KSToolkit.app */;
			productType = "com.apple.product-type.application";
		};
		372F63AA1BA01B7C00A595A3 /* KSToolkitTests */ = {
			isa = PBXNativeTarget;
			buildConfigurationList = 372F63B81BA01B7C00A595A3 /* Build configuration list for PBXNativeTarget "KSToolkitTests" */;
			buildPhases = (
				372F63A71BA01B7C00A595A3 /* Sources */,
				372F63A81BA01B7C00A595A3 /* Frameworks */,
				372F63A91BA01B7C00A595A3 /* Resources */,
			);
			buildRules = (
			);
			dependencies = (
				372F63AD1BA01B7C00A595A3 /* PBXTargetDependency */,
			);
			name = KSToolkitTests;
			productName = KSToolkitTests;
			productReference = 372F63AB1BA01B7C00A595A3 /* KSToolkitTests.xctest */;
			productType = "com.apple.product-type.bundle.unit-test";
		};
/* End PBXNativeTarget section */

/* Begin PBXProject section */
		372F638A1BA01B7B00A595A3 /* Project object */ = {
			isa = PBXProject;
			attributes = {
				LastUpgradeCheck = 0630;
				ORGANIZATIONNAME = bing.hao;
				TargetAttributes = {
					372F63911BA01B7B00A595A3 = {
						CreatedOnToolsVersion = 6.3.1;
					};
					372F63AA1BA01B7C00A595A3 = {
						CreatedOnToolsVersion = 6.3.1;
						TestTargetID = 372F63911BA01B7B00A595A3;
					};
				};
			};
			buildConfigurationList = 372F638D1BA01B7B00A595A3 /* Build configuration list for PBXProject "KSToolkit" */;
			compatibilityVersion = "Xcode 3.2";
			developmentRegion = English;
			hasScannedForEncodings = 0;
			knownRegions = (
				en,
				Base,
			);
			mainGroup = 372F63891BA01B7B00A595A3;
			productRefGroup = 372F63931BA01B7B00A595A3 /* Products */;
			projectDirPath = "";
			projectRoot = "";
			targets = (
				372F63911BA01B7B00A595A3 /* KSToolkit */,
				372F63AA1BA01B7C00A595A3 /* KSToolkitTests */,
			);
		};
/* End PBXProject section */

/* Begin PBXResourcesBuildPhase section */
		372F63901BA01B7B00A595A3 /* Resources */ = {
			isa = PBXResourcesBuildPhase;
			buildActionMask = 2147483647;
			files = (
				372F63A11BA01B7C00A595A3 /* Main.storyboard in Resources */,
				372F63A61BA01B7C00A595A3 /* LaunchScreen.xib in Resources */,
				372F63A31BA01B7C00A595A3 /* Images.xcassets in Resources */,
			);
			runOnlyForDeploymentPostprocessing = 0;
		};
		372F63A91BA01B7C00A595A3 /* Resources */ = {
			isa = PBXResourcesBuildPhase;
			buildActionMask = 2147483647;
			files = (
			);
			runOnlyForDeploymentPostprocessing = 0;
		};
/* End PBXResourcesBuildPhase section */

/* Begin PBXSourcesBuildPhase section */
		372F638E1BA01B7B00A595A3 /* Sources */ = {
			isa = PBXSourcesBuildPhase;
			buildActionMask = 2147483647;
			files = (
				372F64351BA022E500A595A3 /* NSURL+KS.m in Sources */,
				372F64311BA022E500A595A3 /* NSDictionary+KS.m in Sources */,
				372F64341BA022E500A595A3 /* NSString+KS.m in Sources */,
				372F64421BA02E0300A595A3 /* UIImage+KS.m in Sources */,
				372F642F1BA022E500A595A3 /* NSArray+KS.m in Sources */,
				372F639E1BA01B7C00A595A3 /* ViewController.m in Sources */,
				372F64321BA022E500A595A3 /* NSMutableArray+KS.m in Sources */,
				372F64461BA02E0300A595A3 /* UIButton+KS.m in Sources */,
				376207D91BAFF806003CBE02 /* Base64.m in Sources */,
				372F64441BA02E0300A595A3 /* UITableView+KS.m in Sources */,
				372F639B1BA01B7C00A595A3 /* AppDelegate.m in Sources */,
				372F64431BA02E0300A595A3 /* UIImageView+KS.m in Sources */,
				372F64331BA022E500A595A3 /* NSMutableDictionary+KS.m in Sources */,
				372F63981BA01B7C00A595A3 /* main.m in Sources */,
				372F64451BA02E0300A595A3 /* UIView+KS.m in Sources */,
				372F64301BA022E500A595A3 /* NSDate+KS.m in Sources */,
			);
			runOnlyForDeploymentPostprocessing = 0;
		};
		372F63A71BA01B7C00A595A3 /* Sources */ = {
			isa = PBXSourcesBuildPhase;
			buildActionMask = 2147483647;
			files = (
				372F63B21BA01B7C00A595A3 /* KSToolkitTests.m in Sources */,
			);
			runOnlyForDeploymentPostprocessing = 0;
		};
/* End PBXSourcesBuildPhase section */

/* Begin PBXTargetDependency section */
		372F63AD1BA01B7C00A595A3 /* PBXTargetDependency */ = {
			isa = PBXTargetDependency;
			target = 372F63911BA01B7B00A595A3 /* KSToolkit */;
			targetProxy = 372F63AC1BA01B7C00A595A3 /* PBXContainerItemProxy */;
		};
/* End PBXTargetDependency section */

/* Begin PBXVariantGroup section */
		372F639F1BA01B7C00A595A3 /* Main.storyboard */ = {
			isa = PBXVariantGroup;
			children = (
				372F63A01BA01B7C00A595A3 /* Base */,
			);
			name = Main.storyboard;
			sourceTree = "<group>";
		};
		372F63A41BA01B7C00A595A3 /* LaunchScreen.xib */ = {
			isa = PBXVariantGroup;
			children = (
				372F63A51BA01B7C00A595A3 /* Base */,
			);
			name = LaunchScreen.xib;
			sourceTree = "<group>";
		};
/* End PBXVariantGroup section */

/* Begin XCBuildConfiguration section */
		372F63B31BA01B7C00A595A3 /* Debug */ = {
			isa = XCBuildConfiguration;
			buildSettings = {
				ALWAYS_SEARCH_USER_PATHS = NO;
				CLANG_CXX_LANGUAGE_STANDARD = "gnu++0x";
				CLANG_CXX_LIBRARY = "libc++";
				CLANG_ENABLE_MODULES = YES;
				CLANG_ENABLE_OBJC_ARC = YES;
				CLANG_WARN_BOOL_CONVERSION = YES;
				CLANG_WARN_CONSTANT_CONVERSION = YES;
				CLANG_WARN_DIRECT_OBJC_ISA_USAGE = YES_ERROR;
				CLANG_WARN_EMPTY_BODY = YES;
				CLANG_WARN_ENUM_CONVERSION = YES;
				CLANG_WARN_INT_CONVERSION = YES;
				CLANG_WARN_OBJC_ROOT_CLASS = YES_ERROR;
				CLANG_WARN_UNREACHABLE_CODE = YES;
				CLANG_WARN__DUPLICATE_METHOD_MATCH = YES;
				"CODE_SIGN_IDENTITY[sdk=iphoneos*]" = "iPhone Developer";
				COPY_PHASE_STRIP = NO;
				DEBUG_INFORMATION_FORMAT = "dwarf-with-dsym";
				ENABLE_STRICT_OBJC_MSGSEND = YES;
				GCC_C_LANGUAGE_STANDARD = gnu99;
				GCC_DYNAMIC_NO_PIC = NO;
				GCC_NO_COMMON_BLOCKS = YES;
				GCC_OPTIMIZATION_LEVEL = 0;
				GCC_PREPROCESSOR_DEFINITIONS = (
					"DEBUG=1",
					"$(inherited)",
				);
				GCC_SYMBOLS_PRIVATE_EXTERN = NO;
				GCC_WARN_64_TO_32_BIT_CONVERSION = YES;
				GCC_WARN_ABOUT_RETURN_TYPE = YES_ERROR;
				GCC_WARN_UNDECLARED_SELECTOR = YES;
				GCC_WARN_UNINITIALIZED_AUTOS = YES_AGGRESSIVE;
				GCC_WARN_UNUSED_FUNCTION = YES;
				GCC_WARN_UNUSED_VARIABLE = YES;
				IPHONEOS_DEPLOYMENT_TARGET = 8.3;
				MTL_ENABLE_DEBUG_INFO = YES;
				ONLY_ACTIVE_ARCH = YES;
				SDKROOT = iphoneos;
			};
			name = Debug;
		};
		372F63B41BA01B7C00A595A3 /* Release */ = {
			isa = XCBuildConfiguration;
			buildSettings = {
				ALWAYS_SEARCH_USER_PATHS = NO;
				CLANG_CXX_LANGUAGE_STANDARD = "gnu++0x";
				CLANG_CXX_LIBRARY = "libc++";
				CLANG_ENABLE_MODULES = YES;
				CLANG_ENABLE_OBJC_ARC = YES;
				CLANG_WARN_BOOL_CONVERSION = YES;
				CLANG_WARN_CONSTANT_CONVERSION = YES;
				CLANG_WARN_DIRECT_OBJC_ISA_USAGE = YES_ERROR;
				CLANG_WARN_EMPTY_BODY = YES;
				CLANG_WARN_ENUM_CONVERSION = YES;
				CLANG_WARN_INT_CONVERSION = YES;
				CLANG_WARN_OBJC_ROOT_CLASS = YES_ERROR;
				CLANG_WARN_UNREACHABLE_CODE = YES;
				CLANG_WARN__DUPLICATE_METHOD_MATCH = YES;
				"CODE_SIGN_IDENTITY[sdk=iphoneos*]" = "iPhone Developer";
				COPY_PHASE_STRIP = NO;
				DEBUG_INFORMATION_FORMAT = "dwarf-with-dsym";
				ENABLE_NS_ASSERTIONS = NO;
				ENABLE_STRICT_OBJC_MSGSEND = YES;
				GCC_C_LANGUAGE_STANDARD = gnu99;
				GCC_NO_COMMON_BLOCKS = YES;
				GCC_WARN_64_TO_32_BIT_CONVERSION = YES;
				GCC_WARN_ABOUT_RETURN_TYPE = YES_ERROR;
				GCC_WARN_UNDECLARED_SELECTOR = YES;
				GCC_WARN_UNINITIALIZED_AUTOS = YES_AGGRESSIVE;
				GCC_WARN_UNUSED_FUNCTION = YES;
				GCC_WARN_UNUSED_VARIABLE = YES;
				IPHONEOS_DEPLOYMENT_TARGET = 8.3;
				MTL_ENABLE_DEBUG_INFO = NO;
				SDKROOT = iphoneos;
				VALIDATE_PRODUCT = YES;
			};
			name = Release;
		};
		372F63B61BA01B7C00A595A3 /* Debug */ = {
			isa = XCBuildConfiguration;
			baseConfigurationReference = 9AE41D314ED4872015B402C8 /* Pods.debug.xcconfig */;
			buildSettings = {
				ASSETCATALOG_COMPILER_APPICON_NAME = AppIcon;
				INFOPLIST_FILE = KSToolkit/Info.plist;
				LD_RUNPATH_SEARCH_PATHS = "$(inherited) @executable_path/Frameworks";
				PRODUCT_NAME = "$(TARGET_NAME)";
			};
			name = Debug;
		};
		372F63B71BA01B7C00A595A3 /* Release */ = {
			isa = XCBuildConfiguration;
			baseConfigurationReference = 515B515470CDFCE557D7A446 /* Pods.release.xcconfig */;
			buildSettings = {
				ASSETCATALOG_COMPILER_APPICON_NAME = AppIcon;
				INFOPLIST_FILE = KSToolkit/Info.plist;
				LD_RUNPATH_SEARCH_PATHS = "$(inherited) @executable_path/Frameworks";
				PRODUCT_NAME = "$(TARGET_NAME)";
			};
			name = Release;
		};
		372F63B91BA01B7C00A595A3 /* Debug */ = {
			isa = XCBuildConfiguration;
			buildSettings = {
				BUNDLE_LOADER = "$(TEST_HOST)";
				FRAMEWORK_SEARCH_PATHS = (
					"$(SDKROOT)/Developer/Library/Frameworks",
					"$(inherited)",
				);
				GCC_PREPROCESSOR_DEFINITIONS = (
					"DEBUG=1",
					"$(inherited)",
				);
				INFOPLIST_FILE = KSToolkitTests/Info.plist;
				LD_RUNPATH_SEARCH_PATHS = "$(inherited) @executable_path/Frameworks @loader_path/Frameworks";
				PRODUCT_NAME = "$(TARGET_NAME)";
				TEST_HOST = "$(BUILT_PRODUCTS_DIR)/KSToolkit.app/KSToolkit";
			};
			name = Debug;
		};
		372F63BA1BA01B7C00A595A3 /* Release */ = {
			isa = XCBuildConfiguration;
			buildSettings = {
				BUNDLE_LOADER = "$(TEST_HOST)";
				FRAMEWORK_SEARCH_PATHS = (
					"$(SDKROOT)/Developer/Library/Frameworks",
					"$(inherited)",
				);
				INFOPLIST_FILE = KSToolkitTests/Info.plist;
				LD_RUNPATH_SEARCH_PATHS = "$(inherited) @executable_path/Frameworks @loader_path/Frameworks";
				PRODUCT_NAME = "$(TARGET_NAME)";
				TEST_HOST = "$(BUILT_PRODUCTS_DIR)/KSToolkit.app/KSToolkit";
			};
			name = Release;
		};
/* End XCBuildConfiguration section */

/* Begin XCConfigurationList section */
		372F638D1BA01B7B00A595A3 /* Build configuration list for PBXProject "KSToolkit" */ = {
			isa = XCConfigurationList;
			buildConfigurations = (
				372F63B31BA01B7C00A595A3 /* Debug */,
				372F63B41BA01B7C00A595A3 /* Release */,
			);
			defaultConfigurationIsVisible = 0;
			defaultConfigurationName = Release;
		};
		372F63B51BA01B7C00A595A3 /* Build configuration list for PBXNativeTarget "KSToolkit" */ = {
			isa = XCConfigurationList;
			buildConfigurations = (
				372F63B61BA01B7C00A595A3 /* Debug */,
				372F63B71BA01B7C00A595A3 /* Release */,
			);
			defaultConfigurationIsVisible = 0;
			defaultConfigurationName = Release;
		};
		372F63B81BA01B7C00A595A3 /* Build configuration list for PBXNativeTarget "KSToolkitTests" */ = {
			isa = XCConfigurationList;
			buildConfigurations = (
				372F63B91BA01B7C00A595A3 /* Debug */,
				372F63BA1BA01B7C00A595A3 /* Release */,
			);
			defaultConfigurationIsVisible = 0;
			defaultConfigurationName = Release;
		};
/* End XCConfigurationList section */
	};
	rootObject = 372F638A1BA01B7B00A595A3 /* Project object */;
}
